
Microsoft Visual Studio Solution File, Format Version 12.00
# Visual Studio Version 17
VisualStudioVersion = 17.14.36119.2 d17.14
MinimumVisualStudioVersion = 10.0.40219.1
Project("{FAE04EC0-301F-11D3-BF4B-00C04F79EFBC}") = "SqlAiAgent", "SqlAiAgent.csproj", "{5AA48E2F-4151-447D-9CCB-700E4796E220}"
EndProject
Global
	GlobalSection(SolutionConfigurationPlatforms) = preSolution
		Debug|Any CPU = Debug|Any CPU
		Release|Any CPU = Release|Any CPU
	EndGlobalSection
	GlobalSection(ProjectConfigurationPlatforms) = postSolution
		{5AA48E2F-4151-447D-9CCB-700E4796E220}.Debug|Any CPU.ActiveCfg = Debug|Any CPU
		{5AA48E2F-4151-447D-9CCB-700E4796E220}.Debug|Any CPU.Build.0 = Debug|Any CPU
		{5AA48E2F-4151-447D-9CCB-700E4796E220}.Release|Any CPU.ActiveCfg = Release|Any CPU
		{5AA48E2F-4151-447D-9CCB-700E4796E220}.Release|Any CPU.Build.0 = Release|Any CPU
	EndGlobalSection
	GlobalSection(SolutionProperties) = preSolution
		HideSolutionNode = FALSE
	EndGlobalSection
	GlobalSection(ExtensibilityGlobals) = postSolution
		SolutionGuid = {FE8A8B08-5DA1-4383-882B-6B257B4BDB6E}
	EndGlobalSection
EndGlobal
